
Microsoft Visual Studio Solution File, Format Version 12.00
# Visual Studio Version 17
VisualStudioVersion = 17.3.32825.248
MinimumVisualStudioVersion = 10.0.40219.1
Project("{2150E333-8FDC-42A3-9474-1A3956D46DE8}") = "SDK", "SDK", "{FAA274B2-D092-44E5-AB5F-E0E0511BAC3C}"
EndProject
Project("{2150E333-8FDC-42A3-9474-1A3956D46DE8}") = "Test", "Test", "{7D21B3F2-1E1E-40BE-850E-072025400F1D}"
EndProject
Project("{2150E333-8FDC-42A3-9474-1A3956D46DE8}") = "Solution Items", "Solution Items", "{F72DFF53-52D6-422B-BB49-7C5CCCAB8AFE}"
EndProject
Project("{9A19103F-16F7-4668-BE54-9A1E7A4F7556}") = "Nemlogin.QualifiedSigning.SDK.Core", "library\Nemlogin.QualifiedSigning.SDK.Core\Nemlogin.QualifiedSigning.SDK.Core.csproj", "{C9EF9890-59CB-4F9D-96AA-314C8D61A753}"
EndProject
Project("{9A19103F-16F7-4668-BE54-9A1E7A4F7556}") = "Nemlogin.QualifiedSigning.Common", "library\Nemlogin.QualifiedSigning.Common\Nemlogin.QualifiedSigning.Common.csproj", "{BE93A43C-B97A-4960-8EE9-B511EE682F5C}"
EndProject
Project("{9A19103F-16F7-4668-BE54-9A1E7A4F7556}") = "Nemlogin.QualifiedSigning.SDK.Pades", "library\Nemlogin.QualifiedSigning.SDK.Pades\Nemlogin.QualifiedSigning.SDK.Pades.csproj", "{6F7DD766-8A1F-4852-B3AC-CF03525CCD7C}"
EndProject
Project("{9A19103F-16F7-4668-BE54-9A1E7A4F7556}") = "Nemlogin.QualifiedSigning.SDK.Xades", "library\Nemlogin.QualifiedSigning.SDK.Xades\Nemlogin.QualifiedSigning.SDK.Xades.csproj", "{54177307-0D85-4A55-8246-9D2E014C8A80}"
EndProject
Project("{9A19103F-16F7-4668-BE54-9A1E7A4F7556}") = "Nemlogin.QualifiedSigning.SDK.Tests", "test\Nemlogin.QualifiedSigning.SDK.Tests\Nemlogin.QualifiedSigning.SDK.Tests.csproj", "{71B45CD8-EB25-4BBB-92ED-C732BDDA3AF1}"
EndProject
Project("{9A19103F-16F7-4668-BE54-9A1E7A4F7556}") = "NemLoginSigningWebApp", "src\NemLoginSigningWebApp\NemLoginSigningWebApp.csproj", "{CB920F47-EF98-4DA4-AF1F-C5B99EB7B19A}"
EndProject
Project("{9A19103F-16F7-4668-BE54-9A1E7A4F7556}") = "NemLoginSigningDTO", "src\NemLoginSigningDTO\NemLoginSigningDTO.csproj", "{8510BE47-85B8-4D3B-98BB-030CD462DEDE}"
EndProject
Global
	GlobalSection(SolutionConfigurationPlatforms) = preSolution
		Debug|Any CPU = Debug|Any CPU
		Release|Any CPU = Release|Any CPU
	EndGlobalSection
	GlobalSection(ProjectConfigurationPlatforms) = postSolution
		{C9EF9890-59CB-4F9D-96AA-314C8D61A753}.Debug|Any CPU.ActiveCfg = Debug|Any CPU
		{C9EF9890-59CB-4F9D-96AA-314C8D61A753}.Debug|Any CPU.Build.0 = Debug|Any CPU
		{C9EF9890-59CB-4F9D-96AA-314C8D61A753}.Release|Any CPU.ActiveCfg = Release|Any CPU
		{C9EF9890-59CB-4F9D-96AA-314C8D61A753}.Release|Any CPU.Build.0 = Release|Any CPU
		{BE93A43C-B97A-4960-8EE9-B511EE682F5C}.Debug|Any CPU.ActiveCfg = Debug|Any CPU
		{BE93A43C-B97A-4960-8EE9-B511EE682F5C}.Debug|Any CPU.Build.0 = Debug|Any CPU
		{BE93A43C-B97A-4960-8EE9-B511EE682F5C}.Release|Any CPU.ActiveCfg = Release|Any CPU
		{BE93A43C-B97A-4960-8EE9-B511EE682F5C}.Release|Any CPU.Build.0 = Release|Any CPU
		{6F7DD766-8A1F-4852-B3AC-CF03525CCD7C}.Debug|Any CPU.ActiveCfg = Debug|Any CPU
		{6F7DD766-8A1F-4852-B3AC-CF03525CCD7C}.Debug|Any CPU.Build.0 = Debug|Any CPU
		{6F7DD766-8A1F-4852-B3AC-CF03525CCD7C}.Release|Any CPU.ActiveCfg = Release|Any CPU
		{6F7DD766-8A1F-4852-B3AC-CF03525CCD7C}.Release|Any CPU.Build.0 = Release|Any CPU
		{54177307-0D85-4A55-8246-9D2E014C8A80}.Debug|Any CPU.ActiveCfg = Debug|Any CPU
		{54177307-0D85-4A55-8246-9D2E014C8A80}.Debug|Any CPU.Build.0 = Debug|Any CPU
		{54177307-0D85-4A55-8246-9D2E014C8A80}.Release|Any CPU.ActiveCfg = Release|Any CPU
		{54177307-0D85-4A55-8246-9D2E014C8A80}.Release|Any CPU.Build.0 = Release|Any CPU
		{71B45CD8-EB25-4BBB-92ED-C732BDDA3AF1}.Debug|Any CPU.ActiveCfg = Debug|Any CPU
		{71B45CD8-EB25-4BBB-92ED-C732BDDA3AF1}.Debug|Any CPU.Build.0 = Debug|Any CPU
		{71B45CD8-EB25-4BBB-92ED-C732BDDA3AF1}.Release|Any CPU.ActiveCfg = Release|Any CPU
		{71B45CD8-EB25-4BBB-92ED-C732BDDA3AF1}.Release|Any CPU.Build.0 = Release|Any CPU
		{CB920F47-EF98-4DA4-AF1F-C5B99EB7B19A}.Debug|Any CPU.ActiveCfg = Debug|Any CPU
		{CB920F47-EF98-4DA4-AF1F-C5B99EB7B19A}.Debug|Any CPU.Build.0 = Debug|Any CPU
		{CB920F47-EF98-4DA4-AF1F-C5B99EB7B19A}.Release|Any CPU.ActiveCfg = Release|Any CPU
		{CB920F47-EF98-4DA4-AF1F-C5B99EB7B19A}.Release|Any CPU.Build.0 = Release|Any CPU
		{8510BE47-85B8-4D3B-98BB-030CD462DEDE}.Debug|Any CPU.ActiveCfg = Debug|Any CPU
		{8510BE47-85B8-4D3B-98BB-030CD462DEDE}.Debug|Any CPU.Build.0 = Debug|Any CPU
		{8510BE47-85B8-4D3B-98BB-030CD462DEDE}.Release|Any CPU.ActiveCfg = Release|Any CPU
		{8510BE47-85B8-4D3B-98BB-030CD462DEDE}.Release|Any CPU.Build.0 = Release|Any CPU
	EndGlobalSection
	GlobalSection(SolutionProperties) = preSolution
		HideSolutionNode = FALSE
	EndGlobalSection
	GlobalSection(NestedProjects) = preSolution
		{C9EF9890-59CB-4F9D-96AA-314C8D61A753} = {FAA274B2-D092-44E5-AB5F-E0E0511BAC3C}
		{BE93A43C-B97A-4960-8EE9-B511EE682F5C} = {FAA274B2-D092-44E5-AB5F-E0E0511BAC3C}
		{6F7DD766-8A1F-4852-B3AC-CF03525CCD7C} = {FAA274B2-D092-44E5-AB5F-E0E0511BAC3C}
		{54177307-0D85-4A55-8246-9D2E014C8A80} = {FAA274B2-D092-44E5-AB5F-E0E0511BAC3C}
		{71B45CD8-EB25-4BBB-92ED-C732BDDA3AF1} = {7D21B3F2-1E1E-40BE-850E-072025400F1D}
	EndGlobalSection
	GlobalSection(ExtensibilityGlobals) = postSolution
		SolutionGuid = {B8DABADC-A37D-4DE2-A46A-D9D365C103F5}
	EndGlobalSection
EndGlobal
